// !$*UTF8*$!
{
	archiveVersion = 1;
	classes = {
	};
	objectVersion = 48;
	objects = {

/* Begin PBXBuildFile section */
		73164F49D9B9FC7A2B98351D /* Pods_OptionalModuleExample.framework in Frameworks */ = {isa = PBXBuildFile; fileRef = E042D41AE0DE54749733BE8C /* Pods_OptionalModuleExample.framework */; };
		9F065EEA201C404200CEB0D8 /* AppDelegate.swift in Sources */ = {isa = PBXBuildFile; fileRef = 9F065EE9201C404200CEB0D8 /* AppDelegate.swift */; };
		9F065EEC201C404200CEB0D8 /* ViewController.swift in Sources */ = {isa = PBXBuildFile; fileRef = 9F065EEB201C404200CEB0D8 /* ViewController.swift */; };
		9F065EEF201C404200CEB0D8 /* Main.storyboard in Resources */ = {isa = PBXBuildFile; fileRef = 9F065EED201C404200CEB0D8 /* Main.storyboard */; };
		9F065EF1201C404200CEB0D8 /* Assets.xcassets in Resources */ = {isa = PBXBuildFile; fileRef = 9F065EF0201C404200CEB0D8 /* Assets.xcassets */; };
		9F065EF4201C404200CEB0D8 /* LaunchScreen.storyboard in Resources */ = {isa = PBXBuildFile; fileRef = 9F065EF2201C404200CEB0D8 /* LaunchScreen.storyboard */; };
/* End PBXBuildFile section */

/* Begin PBXFileReference section */
		01821CD8A23DAA49C46D2C36 /* Pods-OptionalModuleExample.release.xcconfig */ = {isa = PBXFileReference; includeInIndex = 1; lastKnownFileType = text.xcconfig; name = "Pods-OptionalModuleExample.release.xcconfig"; path = "Pods/Target Support Files/Pods-OptionalModuleExample/Pods-OptionalModuleExample.release.xcconfig"; sourceTree = "<group>"; };
		88620E89F4774F60A975ECDE /* Pods-OptionalModuleExample.debug.xcconfig */ = {isa = PBXFileReference; includeInIndex = 1; lastKnownFileType = text.xcconfig; name = "Pods-OptionalModuleExample.debug.xcconfig"; path = "Pods/Target Support Files/Pods-OptionalModuleExample/Pods-OptionalModuleExample.debug.xcconfig"; sourceTree = "<group>"; };
		9F065EE6201C404200CEB0D8 /* OptionalModuleExample.app */ = {isa = PBXFileReference; explicitFileType = wrapper.application; includeInIndex = 0; path = OptionalModuleExample.app; sourceTree = BUILT_PRODUCTS_DIR; };
		9F065EE9201C404200CEB0D8 /* AppDelegate.swift */ = {isa = PBXFileReference; lastKnownFileType = sourcecode.swift; path = AppDelegate.swift; sourceTree = "<group>"; };
		9F065EEB201C404200CEB0D8 /* ViewController.swift */ = {isa = PBXFileReference; lastKnownFileType = sourcecode.swift; path = ViewController.swift; sourceTree = "<group>"; };
		9F065EEE201C404200CEB0D8 /* Base */ = {isa = PBXFileReference; lastKnownFileType = file.storyboard; name = Base; path = Base.lproj/Main.storyboard; sourceTree = "<group>"; };
		9F065EF0201C404200CEB0D8 /* Assets.xcassets */ = {isa = PBXFileReference; lastKnownFileType = folder.assetcatalog; path = Assets.xcassets; sourceTree = "<group>"; };
		9F065EF3201C404200CEB0D8 /* Base */ = {isa = PBXFileReference; lastKnownFileType = file.storyboard; name = Base; path = Base.lproj/LaunchScreen.storyboard; sourceTree = "<group>"; };
		9F065EF5201C404200CEB0D8 /* Info.plist */ = {isa = PBXFileReference; lastKnownFileType = text.plist.xml; path = Info.plist; sourceTree = "<group>"; };
		E042D41AE0DE54749733BE8C /* Pods_OptionalModuleExample.framework */ = {isa = PBXFileReference; explicitFileType = wrapper.framework; includeInIndex = 0; path = Pods_OptionalModuleExample.framework; sourceTree = BUILT_PRODUCTS_DIR; };
/* End PBXFileReference section */

/* Begin PBXFrameworksBuildPhase section */
		9F065EE3201C404200CEB0D8 /* Frameworks */ = {
			isa = PBXFrameworksBuildPhase;
			buildActionMask = 2147483647;
			files = (
				73164F49D9B9FC7A2B98351D /* Pods_OptionalModuleExample.framework in Frameworks */,
			);
			runOnlyForDeploymentPostprocessing = 0;
		};
/* End PBXFrameworksBuildPhase section */

/* Begin PBXGroup section */
		21CA22FA0B5BF8523A971899 /* Pods */ = {
			isa = PBXGroup;
			children = (
				88620E89F4774F60A975ECDE /* Pods-OptionalModuleExample.debug.xcconfig */,
				01821CD8A23DAA49C46D2C36 /* Pods-OptionalModuleExample.release.xcconfig */,
			);
			name = Pods;
			sourceTree = "<group>";
		};
		9F065EDD201C404200CEB0D8 = {
			isa = PBXGroup;
			children = (
				9F065EE8201C404200CEB0D8 /* OptionalModuleExample */,
				9F065EE7201C404200CEB0D8 /* Products */,
				21CA22FA0B5BF8523A971899 /* Pods */,
				DED1D8500D5B2EFC0DBF9538 /* Frameworks */,
			);
			sourceTree = "<group>";
		};
		9F065EE7201C404200CEB0D8 /* Products */ = {
			isa = PBXGroup;
			children = (
				9F065EE6201C404200CEB0D8 /* OptionalModuleExample.app */,
			);
			name = Products;
			sourceTree = "<group>";
		};
		9F065EE8201C404200CEB0D8 /* OptionalModuleExample */ = {
			isa = PBXGroup;
			children = (
				9F065EE9201C404200CEB0D8 /* AppDelegate.swift */,
				9F065EEB201C404200CEB0D8 /* ViewController.swift */,
				9F065EED201C404200CEB0D8 /* Main.storyboard */,
				9F065EF0201C404200CEB0D8 /* Assets.xcassets */,
				9F065EF2201C404200CEB0D8 /* LaunchScreen.storyboard */,
				9F065EF5201C404200CEB0D8 /* Info.plist */,
			);
			path = OptionalModuleExample;
			sourceTree = "<group>";
		};
		DED1D8500D5B2EFC0DBF9538 /* Frameworks */ = {
			isa = PBXGroup;
			children = (
				E042D41AE0DE54749733BE8C /* Pods_OptionalModuleExample.framework */,
			);
			name = Frameworks;
			sourceTree = "<group>";
		};
/* End PBXGroup section */

/* Begin PBXNativeTarget section */
		9F065EE5201C404200CEB0D8 /* OptionalModuleExample */ = {
			isa = PBXNativeTarget;
			buildConfigurationList = 9F065EF8201C404200CEB0D8 /* Build configuration list for PBXNativeTarget "OptionalModuleExample" */;
			buildPhases = (
				3F79A2F9F28F071EF45D9644 /* [CP] Check Pods Manifest.lock */,
				9F065EE2201C404200CEB0D8 /* Sources */,
				9F065EE3201C404200CEB0D8 /* Frameworks */,
				9F065EE4201C404200CEB0D8 /* Resources */,
				1A0EDE84D7A1FEDDEB9C92A8 /* [CP] Embed Pods Frameworks */,
				F0EF8DAE170DA6ED400ACC04 /* [CP] Copy Pods Resources */,
			);
			buildRules = (
			);
			dependencies = (
			);
			name = OptionalModuleExample;
			productName = OptionalModuleExample;
			productReference = 9F065EE6201C404200CEB0D8 /* OptionalModuleExample.app */;
			productType = "com.apple.product-type.application";
		};
/* End PBXNativeTarget section */

/* Begin PBXProject section */
		9F065EDE201C404200CEB0D8 /* Project object */ = {
			isa = PBXProject;
			attributes = {
				LastSwiftUpdateCheck = 0910;
				LastUpgradeCheck = 0910;
				ORGANIZATIONNAME = "Tinghui Yuan";
				TargetAttributes = {
					9F065EE5201C404200CEB0D8 = {
						CreatedOnToolsVersion = 9.1;
						ProvisioningStyle = Automatic;
					};
				};
			};
			buildConfigurationList = 9F065EE1201C404200CEB0D8 /* Build configuration list for PBXProject "OptionalModuleExample" */;
			compatibilityVersion = "Xcode 8.0";
			developmentRegion = en;
			hasScannedForEncodings = 0;
			knownRegions = (
				en,
				Base,
			);
			mainGroup = 9F065EDD201C404200CEB0D8;
			productRefGroup = 9F065EE7201C404200CEB0D8 /* Products */;
			projectDirPath = "";
			projectRoot = "";
			targets = (
				9F065EE5201C404200CEB0D8 /* OptionalModuleExample */,
			);
		};
/* End PBXProject section */

/* Begin PBXResourcesBuildPhase section */
		9F065EE4201C404200CEB0D8 /* Resources */ = {
			isa = PBXResourcesBuildPhase;
			buildActionMask = 2147483647;
			files = (
				9F065EF4201C404200CEB0D8 /* LaunchScreen.storyboard in Resources */,
				9F065EF1201C404200CEB0D8 /* Assets.xcassets in Resources */,
				9F065EEF201C404200CEB0D8 /* Main.storyboard in Resources */,
			);
			runOnlyForDeploymentPostprocessing = 0;
		};
/* End PBXResourcesBuildPhase section */

/* Begin PBXShellScriptBuildPhase section */
		1A0EDE84D7A1FEDDEB9C92A8 /* [CP] Embed Pods Frameworks */ = {
			isa = PBXShellScriptBuildPhase;
			buildActionMask = 2147483647;
			files = (
			);
			inputPaths = (
				"${SRCROOT}/Pods/Target Support Files/Pods-OptionalModuleExample/Pods-OptionalModuleExample-frameworks.sh",
				"${BUILT_PRODUCTS_DIR}/LoginRegisterModuleExample/LoginRegisterModuleExample.framework",
				"${BUILT_PRODUCTS_DIR}/WCDB.swift/WCDBSwift.framework",
			);
			name = "[CP] Embed Pods Frameworks";
			outputPaths = (
				"${TARGET_BUILD_DIR}/${FRAMEWORKS_FOLDER_PATH}/LoginRegisterModuleExample.framework",
				"${TARGET_BUILD_DIR}/${FRAMEWORKS_FOLDER_PATH}/WCDBSwift.framework",
			);
			runOnlyForDeploymentPostprocessing = 0;
			shellPath = /bin/sh;
			shellScript = "\"${SRCROOT}/Pods/Target Support Files/Pods-OptionalModuleExample/Pods-OptionalModuleExample-frameworks.sh\"\n";
			showEnvVarsInLog = 0;
		};
		3F79A2F9F28F071EF45D9644 /* [CP] Check Pods Manifest.lock */ = {
			isa = PBXShellScriptBuildPhase;
			buildActionMask = 2147483647;
			files = (
			);
			inputPaths = (
				"${PODS_PODFILE_DIR_PATH}/Podfile.lock",
				"${PODS_ROOT}/Manifest.lock",
			);
			name = "[CP] Check Pods Manifest.lock";
			outputPaths = (
				"$(DERIVED_FILE_DIR)/Pods-OptionalModuleExample-checkManifestLockResult.txt",
			);
			runOnlyForDeploymentPostprocessing = 0;
			shellPath = /bin/sh;
			shellScript = "diff \"${PODS_PODFILE_DIR_PATH}/Podfile.lock\" \"${PODS_ROOT}/Manifest.lock\" > /dev/null\nif [ $? != 0 ] ; then\n    # print error to STDERR\n    echo \"error: The sandbox is not in sync with the Podfile.lock. Run 'pod install' or update your CocoaPods installation.\" >&2\n    exit 1\nfi\n# This output is used by Xcode 'outputs' to avoid re-running this script phase.\necho \"SUCCESS\" > \"${SCRIPT_OUTPUT_FILE_0}\"\n";
			showEnvVarsInLog = 0;
		};
		F0EF8DAE170DA6ED400ACC04 /* [CP] Copy Pods Resources */ = {
			isa = PBXShellScriptBuildPhase;
			buildActionMask = 2147483647;
			files = (
			);
			inputPaths = (
			);
			name = "[CP] Copy Pods Resources";
			outputPaths = (
			);
			runOnlyForDeploymentPostprocessing = 0;
			shellPath = /bin/sh;
			shellScript = "\"${SRCROOT}/Pods/Target Support Files/Pods-OptionalModuleExample/Pods-OptionalModuleExample-resources.sh\"\n";
			showEnvVarsInLog = 0;
		};
/* End PBXShellScriptBuildPhase section */

/* Begin PBXSourcesBuildPhase section */
		9F065EE2201C404200CEB0D8 /* Sources */ = {
			isa = PBXSourcesBuildPhase;
			buildActionMask = 2147483647;
			files = (
				9F065EEC201C404200CEB0D8 /* ViewController.swift in Sources */,
				9F065EEA201C404200CEB0D8 /* AppDelegate.swift in Sources */,
			);
			runOnlyForDeploymentPostprocessing = 0;
		};
/* End PBXSourcesBuildPhase section */

/* Begin PBXVariantGroup section */
		9F065EED201C404200CEB0D8 /* Main.storyboard */ = {
			isa = PBXVariantGroup;
			children = (
				9F065EEE201C404200CEB0D8 /* Base */,
			);
			name = Main.storyboard;
			sourceTree = "<group>";
		};
		9F065EF2201C404200CEB0D8 /* LaunchScreen.storyboard */ = {
			isa = PBXVariantGroup;
			children = (
				9F065EF3201C404200CEB0D8 /* Base */,
			);
			name = LaunchScreen.storyboard;
			sourceTree = "<group>";
		};
/* End PBXVariantGroup section */

/* Begin XCBuildConfiguration section */
		9F065EF6201C404200CEB0D8 /* Debug */ = {
			isa = XCBuildConfiguration;
			buildSettings = {
				ALWAYS_SEARCH_USER_PATHS = NO;
				CLANG_ANALYZER_NONNULL = YES;
				CLANG_ANALYZER_NUMBER_OBJECT_CONVERSION = YES_AGGRESSIVE;
				CLANG_CXX_LANGUAGE_STANDARD = "gnu++14";
				CLANG_CXX_LIBRARY = "libc++";
				CLANG_ENABLE_MODULES = YES;
				CLANG_ENABLE_OBJC_ARC = YES;
				CLANG_WARN_BLOCK_CAPTURE_AUTORELEASING = YES;
				CLANG_WARN_BOOL_CONVERSION = YES;
				CLANG_WARN_COMMA = YES;
				CLANG_WARN_CONSTANT_CONVERSION = YES;
				CLANG_WARN_DIRECT_OBJC_ISA_USAGE = YES_ERROR;
				CLANG_WARN_DOCUMENTATION_COMMENTS = YES;
				CLANG_WARN_EMPTY_BODY = YES;
				CLANG_WARN_ENUM_CONVERSION = YES;
				CLANG_WARN_INFINITE_RECURSION = YES;
				CLANG_WARN_INT_CONVERSION = YES;
				CLANG_WARN_NON_LITERAL_NULL_CONVERSION = YES;
				CLANG_WARN_OBJC_LITERAL_CONVERSION = YES;
				CLANG_WARN_OBJC_ROOT_CLASS = YES_ERROR;
				CLANG_WARN_RANGE_LOOP_ANALYSIS = YES;
				CLANG_WARN_STRICT_PROTOTYPES = YES;
				CLANG_WARN_SUSPICIOUS_MOVE = YES;
				CLANG_WARN_UNGUARDED_AVAILABILITY = YES_AGGRESSIVE;
				CLANG_WARN_UNREACHABLE_CODE = YES;
				CLANG_WARN__DUPLICATE_METHOD_MATCH = YES;
				CODE_SIGN_IDENTITY = "iPhone Developer";
				COPY_PHASE_STRIP = NO;
				DEBUG_INFORMATION_FORMAT = dwarf;
				ENABLE_STRICT_OBJC_MSGSEND = YES;
				ENABLE_TESTABILITY = YES;
				GCC_C_LANGUAGE_STANDARD = gnu11;
				GCC_DYNAMIC_NO_PIC = NO;
				GCC_NO_COMMON_BLOCKS = YES;
				GCC_OPTIMIZATION_LEVEL = 0;
				GCC_PREPROCESSOR_DEFINITIONS = (
					"DEBUG=1",
					"$(inherited)",
				);
				GCC_WARN_64_TO_32_BIT_CONVERSION = YES;
				GCC_WARN_ABOUT_RETURN_TYPE = YES_ERROR;
				GCC_WARN_UNDECLARED_SELECTOR = YES;
				GCC_WARN_UNINITIALIZED_AUTOS = YES_AGGRESSIVE;
				GCC_WARN_UNUSED_FUNCTION = YES;
				GCC_WARN_UNUSED_VARIABLE = YES;
				IPHONEOS_DEPLOYMENT_TARGET = 11.1;
				MTL_ENABLE_DEBUG_INFO = YES;
				ONLY_ACTIVE_ARCH = YES;
				SDKROOT = iphoneos;
				SWIFT_ACTIVE_COMPILATION_CONDITIONS = DEBUG;
				SWIFT_OPTIMIZATION_LEVEL = "-Onone";
			};
			name = Debug;
		};
		9F065EF7201C404200CEB0D8 /* Release */ = {
			isa = XCBuildConfiguration;
			buildSettings = {
				ALWAYS_SEARCH_USER_PATHS = NO;
				CLANG_ANALYZER_NONNULL = YES;
				CLANG_ANALYZER_NUMBER_OBJECT_CONVERSION = YES_AGGRESSIVE;
				CLANG_CXX_LANGUAGE_STANDARD = "gnu++14";
				CLANG_CXX_LIBRARY = "libc++";
				CLANG_ENABLE_MODULES = YES;
				CLANG_ENABLE_OBJC_ARC = YES;
				CLANG_WARN_BLOCK_CAPTURE_AUTORELEASING = YES;
				CLANG_WARN_BOOL_CONVERSION = YES;
				CLANG_WARN_COMMA = YES;
				CLANG_WARN_CONSTANT_CONVERSION = YES;
				CLANG_WARN_DIRECT_OBJC_ISA_USAGE = YES_ERROR;
				CLANG_WARN_DOCUMENTATION_COMMENTS = YES;
				CLANG_WARN_EMPTY_BODY = YES;
				CLANG_WARN_ENUM_CONVERSION = YES;
				CLANG_WARN_INFINITE_RECURSION = YES;
				CLANG_WARN_INT_CONVERSION = YES;
				CLANG_WARN_NON_LITERAL_NULL_CONVERSION = YES;
				CLANG_WARN_OBJC_LITERAL_CONVERSION = YES;
				CLANG_WARN_OBJC_ROOT_CLASS = YES_ERROR;
				CLANG_WARN_RANGE_LOOP_ANALYSIS = YES;
				CLANG_WARN_STRICT_PROTOTYPES = YES;
				CLANG_WARN_SUSPICIOUS_MOVE = YES;
				CLANG_WARN_UNGUARDED_AVAILABILITY = YES_AGGRESSIVE;
				CLANG_WARN_UNREACHABLE_CODE = YES;
				CLANG_WARN__DUPLICATE_METHOD_MATCH = YES;
				CODE_SIGN_IDENTITY = "iPhone Developer";
				COPY_PHASE_STRIP = NO;
				DEBUG_INFORMATION_FORMAT = "dwarf-with-dsym";
				ENABLE_NS_ASSERTIONS = NO;
				ENABLE_STRICT_OBJC_MSGSEND = YES;
				GCC_C_LANGUAGE_STANDARD = gnu11;
				GCC_NO_COMMON_BLOCKS = YES;
				GCC_WARN_64_TO_32_BIT_CONVERSION = YES;
				GCC_WARN_ABOUT_RETURN_TYPE = YES_ERROR;
				GCC_WARN_UNDECLARED_SELECTOR = YES;
				GCC_WARN_UNINITIALIZED_AUTOS = YES_AGGRESSIVE;
				GCC_WARN_UNUSED_FUNCTION = YES;
				GCC_WARN_UNUSED_VARIABLE = YES;
				IPHONEOS_DEPLOYMENT_TARGET = 11.1;
				MTL_ENABLE_DEBUG_INFO = NO;
				SDKROOT = iphoneos;
				SWIFT_OPTIMIZATION_LEVEL = "-Owholemodule";
				VALIDATE_PRODUCT = YES;
			};
			name = Release;
		};
		9F065EF9201C404200CEB0D8 /* Debug */ = {
			isa = XCBuildConfiguration;
			baseConfigurationReference = 88620E89F4774F60A975ECDE /* Pods-OptionalModuleExample.debug.xcconfig */;
			buildSettings = {
				ASSETCATALOG_COMPILER_APPICON_NAME = AppIcon;
				CODE_SIGN_STYLE = Automatic;
				INFOPLIST_FILE = OptionalModuleExample/Info.plist;
				LD_RUNPATH_SEARCH_PATHS = "$(inherited) @executable_path/Frameworks";
				PRODUCT_BUNDLE_IDENTIFIER = com.bluajack.OptionalModuleExample;
				PRODUCT_NAME = "$(TARGET_NAME)";
				SWIFT_VERSION = 4.0;
				TARGETED_DEVICE_FAMILY = "1,2";
			};
			name = Debug;
		};
		9F065EFA201C404200CEB0D8 /* Release */ = {
			isa = XCBuildConfiguration;
			baseConfigurationReference = 01821CD8A23DAA49C46D2C36 /* Pods-OptionalModuleExample.release.xcconfig */;
			buildSettings = {
				ASSETCATALOG_COMPILER_APPICON_NAME = AppIcon;
				CODE_SIGN_STYLE = Automatic;
				INFOPLIST_FILE = OptionalModuleExample/Info.plist;
				LD_RUNPATH_SEARCH_PATHS = "$(inherited) @executable_path/Frameworks";
				PRODUCT_BUNDLE_IDENTIFIER = com.bluajack.OptionalModuleExample;
				PRODUCT_NAME = "$(TARGET_NAME)";
				SWIFT_VERSION = 4.0;
				TARGETED_DEVICE_FAMILY = "1,2";
			};
			name = Release;
		};
/* End XCBuildConfiguration section */

/* Begin XCConfigurationList section */
		9F065EE1201C404200CEB0D8 /* Build configuration list for PBXProject "OptionalModuleExample" */ = {
			isa = XCConfigurationList;
			buildConfigurations = (
				9F065EF6201C404200CEB0D8 /* Debug */,
				9F065EF7201C404200CEB0D8 /* Release */,
			);
			defaultConfigurationIsVisible = 0;
			defaultConfigurationName = Release;
		};
		9F065EF8201C404200CEB0D8 /* Build configuration list for PBXNativeTarget "OptionalModuleExample" */ = {
			isa = XCConfigurationList;
			buildConfigurations = (
				9F065EF9201C404200CEB0D8 /* Debug */,
				9F065EFA201C404200CEB0D8 /* Release */,
			);
			defaultConfigurationIsVisible = 0;
			defaultConfigurationName = Release;
		};
/* End XCConfigurationList section */
	};
	rootObject = 9F065EDE201C404200CEB0D8 /* Project object */;
}
